
Microsoft Visual Studio Solution File, Format Version 11.00
# Visual Studio 2010
Project("{FAE04EC0-301F-11D3-BF4B-00C04F79EFBC}") = "clientComCsharp", "clientComCsharp\clientComCsharp.csproj", "{CD029EA4-EA40-48E1-91B6-D6A319BB7968}"
EndProject
Global
	GlobalSection(SolutionConfigurationPlatforms) = preSolution
		Debug|x86 = Debug|x86
		Release|x86 = Release|x86
	EndGlobalSection
	GlobalSection(ProjectConfigurationPlatforms) = postSolution
		{CD029EA4-EA40-48E1-91B6-D6A319BB7968}.Debug|x86.ActiveCfg = Debug|x86
		{CD029EA4-EA40-48E1-91B6-D6A319BB7968}.Debug|x86.Build.0 = Debug|x86
		{CD029EA4-EA40-48E1-91B6-D6A319BB7968}.Release|x86.ActiveCfg = Release|x86
		{CD029EA4-EA40-48E1-91B6-D6A319BB7968}.Release|x86.Build.0 = Release|x86
	EndGlobalSection
	GlobalSection(SolutionProperties) = preSolution
		HideSolutionNode = FALSE
	EndGlobalSection
EndGlobal
